
Microsoft Visual Studio Solution File, Format Version 12.00
# Visual Studio 15
VisualStudioVersion = 15.0.28307.1267
MinimumVisualStudioVersion = 10.0.40219.1
Project("{FAE04EC0-301F-11D3-BF4B-00C04F79EFBC}") = "Med", "Med\Med.csproj", "{2C02E7DC-6C3A-42FA-A456-F36E7FF09883}"
EndProject
Global
	GlobalSection(SolutionConfigurationPlatforms) = preSolution
		Debug|Any CPU = Debug|Any CPU
		Release|Any CPU = Release|Any CPU
	EndGlobalSection
	GlobalSection(ProjectConfigurationPlatforms) = postSolution
		{2C02E7DC-6C3A-42FA-A456-F36E7FF09883}.Debug|Any CPU.ActiveCfg = Debug|Any CPU
		{2C02E7DC-6C3A-42FA-A456-F36E7FF09883}.Debug|Any CPU.Build.0 = Debug|Any CPU
		{2C02E7DC-6C3A-42FA-A456-F36E7FF09883}.Release|Any CPU.ActiveCfg = Release|Any CPU
		{2C02E7DC-6C3A-42FA-A456-F36E7FF09883}.Release|Any CPU.Build.0 = Release|Any CPU
	EndGlobalSection
	GlobalSection(SolutionProperties) = preSolution
		HideSolutionNode = FALSE
	EndGlobalSection
	GlobalSection(ExtensibilityGlobals) = postSolution
		SolutionGuid = {82BF9462-2D5F-4DC6-A798-2F0D6D311ECB}
	EndGlobalSection
EndGlobal
